
Microsoft Visual Studio Solution File, Format Version 12.00
# Visual Studio 15
VisualStudioVersion = 15.0.27130.2027
MinimumVisualStudioVersion = 10.0.40219.1
Project("{FAE04EC0-301F-11D3-BF4B-00C04F79EFBC}") = "PoohAPI", "PoohAPI\PoohAPI.csproj", "{9D02E79C-EF5E-4D4A-9B30-699DC1955460}"
EndProject
Global
	GlobalSection(SolutionConfigurationPlatforms) = preSolution
		Debug|Any CPU = Debug|Any CPU
		Release|Any CPU = Release|Any CPU
	EndGlobalSection
	GlobalSection(ProjectConfigurationPlatforms) = postSolution
		{9D02E79C-EF5E-4D4A-9B30-699DC1955460}.Debug|Any CPU.ActiveCfg = Debug|Any CPU
		{9D02E79C-EF5E-4D4A-9B30-699DC1955460}.Debug|Any CPU.Build.0 = Debug|Any CPU
		{9D02E79C-EF5E-4D4A-9B30-699DC1955460}.Release|Any CPU.ActiveCfg = Release|Any CPU
		{9D02E79C-EF5E-4D4A-9B30-699DC1955460}.Release|Any CPU.Build.0 = Release|Any CPU
	EndGlobalSection
	GlobalSection(SolutionProperties) = preSolution
		HideSolutionNode = FALSE
	EndGlobalSection
	GlobalSection(ExtensibilityGlobals) = postSolution
		SolutionGuid = {99FB13CE-5AD2-4D3C-8DCA-B852FE086571}
	EndGlobalSection
EndGlobal
