
Microsoft Visual Studio Solution File, Format Version 12.00
# Visual Studio 15
VisualStudioVersion = 15.0.27130.2027
MinimumVisualStudioVersion = 10.0.40219.1
Project("{9A19103F-16F7-4668-BE54-9A1E7A4F7556}") = "PoohAPI", "PoohAPI\PoohAPI.csproj", "{9D02E79C-EF5E-4D4A-9B30-699DC1955460}"
EndProject
Project("{2150E333-8FDC-42A3-9474-1A3956D46DE8}") = "DomainLogic", "DomainLogic", "{F170E122-B3AE-4DE0-A95C-C2157CF12CC8}"
EndProject
Project("{2150E333-8FDC-42A3-9474-1A3956D46DE8}") = "Infrastructure", "Infrastructure", "{FD5961F4-562D-4BBA-A132-86D2F13F68A7}"
EndProject
Project("{2150E333-8FDC-42A3-9474-1A3956D46DE8}") = "ApplicationLogic", "ApplicationLogic", "{D32F242F-E7E8-4B1E-B6D4-59365597597A}"
EndProject
Project("{FAE04EC0-301F-11D3-BF4B-00C04F79EFBC}") = "PoohAPI.Logic.Common", "PoohAPI.Logic.Common\PoohAPI.Logic.Common.csproj", "{5784F3F3-E383-4DA8-AC93-4EBDEBA8C05B}"
EndProject
Project("{FAE04EC0-301F-11D3-BF4B-00C04F79EFBC}") = "PoohAPI.Infrastructure.UserDB", "PoohAPI.Infrastructure.UserDB\PoohAPI.Infrastructure.UserDB.csproj", "{7CC52E86-8A33-462F-902A-5EC61F81C788}"
EndProject
Project("{FAE04EC0-301F-11D3-BF4B-00C04F79EFBC}") = "PoohAPI.Infrastructure.Common", "PoohAPI.Infrastructure.Common\PoohAPI.Infrastructure.Common.csproj", "{2B1822DC-9E62-4A4C-9D31-76E2029CE8FD}"
EndProject
Project("{FAE04EC0-301F-11D3-BF4B-00C04F79EFBC}") = "PoohAPI.Logic.Users", "PoohAPI.Logic.User\PoohAPI.Logic.Users.csproj", "{17B6AB1F-27E4-4352-9E8C-97348C020511}"
EndProject
Project("{FAE04EC0-301F-11D3-BF4B-00C04F79EFBC}") = "PoohAPI.Application", "PoohAPI.Application\PoohAPI.Application.csproj", "{996CDDD4-5716-46B4-A30C-D90C01DE637E}"
EndProject
Project("{FAE04EC0-301F-11D3-BF4B-00C04F79EFBC}") = "PoohAPI.Common", "PoohAPI.Common\PoohAPI.Common.csproj", "{7B051E95-5173-4783-80C3-D6D849A67BE4}"
EndProject
Project("{FAE04EC0-301F-11D3-BF4B-00C04F79EFBC}") = "PoohAPI.Logic.Companies", "PoohAPI.Logic.Companies\PoohAPI.Logic.Companies.csproj", "{2D883C65-93F9-4EA4-8075-833359B30630}"
EndProject
Project("{FAE04EC0-301F-11D3-BF4B-00C04F79EFBC}") = "PoohAPI.Infrastructure.CompanyDB", "PoohAPI.Infrastructure.CompanyDB\PoohAPI.Infrastructure.CompanyDB.csproj", "{8B2A6ECC-1138-45A4-9B76-10921D7B8785}"
EndProject
Project("{FAE04EC0-301F-11D3-BF4B-00C04F79EFBC}") = "PoohAPI.Infrastructure.MapAPI", "PoohAPI.Infrastructure.MapAPI\PoohAPI.Infrastructure.MapAPI.csproj", "{271367A5-F8DE-4122-8E68-0E98394E67BD}"
EndProject
Project("{FAE04EC0-301F-11D3-BF4B-00C04F79EFBC}") = "PoohAPI.Logic.MapAPI", "PoohAPI.Logic.MapAPI\PoohAPI.Logic.MapAPI.csproj", "{88A2193C-920A-4EC7-9CEB-BBD512DCFBF3}"
EndProject
<<<<<<< HEAD
Project("{FAE04EC0-301F-11D3-BF4B-00C04F79EFBC}") = "PoohAPI.Logic.Vacancies", "PoohAPI.Logic.Vacancies\PoohAPI.Logic.Vacancies.csproj", "{1758A16A-7182-4328-A4E8-03DD5F4405C7}"
	ProjectSection(ProjectDependencies) = postProject
		{7B051E95-5173-4783-80C3-D6D849A67BE4} = {7B051E95-5173-4783-80C3-D6D849A67BE4}
		{2B1822DC-9E62-4A4C-9D31-76E2029CE8FD} = {2B1822DC-9E62-4A4C-9D31-76E2029CE8FD}
		{5784F3F3-E383-4DA8-AC93-4EBDEBA8C05B} = {5784F3F3-E383-4DA8-AC93-4EBDEBA8C05B}
	EndProjectSection
EndProject
Project("{FAE04EC0-301F-11D3-BF4B-00C04F79EFBC}") = "PoohAPI.Infrastructure.VacancyDB", "PoohAPI.Infrastructure.VacancyDB\PoohAPI.Infrastructure.VacancyDB.csproj", "{0626AA91-4AF0-4941-A33C-6FA6D5028C24}"
	ProjectSection(ProjectDependencies) = postProject
		{7B051E95-5173-4783-80C3-D6D849A67BE4} = {7B051E95-5173-4783-80C3-D6D849A67BE4}
		{2B1822DC-9E62-4A4C-9D31-76E2029CE8FD} = {2B1822DC-9E62-4A4C-9D31-76E2029CE8FD}
	EndProjectSection
=======
Project("{FAE04EC0-301F-11D3-BF4B-00C04F79EFBC}") = "PoohAPI.Logic.Reviews", "PoohAPI.Logic.Reviews\PoohAPI.Logic.Reviews.csproj", "{06234D95-EB1E-4702-AC6B-1C135369035F}"
EndProject
Project("{FAE04EC0-301F-11D3-BF4B-00C04F79EFBC}") = "PoohAPI.Infrastructure.ReviewDB", "PoohAPI.Infrastructure.ReviewDB\PoohAPI.Infrastructure.ReviewDB.csproj", "{7C1E0BCD-22B2-450C-BC44-513591528BA7}"
EndProject
Project("{FAE04EC0-301F-11D3-BF4B-00C04F79EFBC}") = "PoohAPI.Application.Common", "PoohAPI.Application.Common\PoohAPI.Application.Common.csproj", "{F6CED3BF-CF94-4870-82E7-CC33CCE1EE00}"
>>>>>>> dev
EndProject
Global
	GlobalSection(SolutionConfigurationPlatforms) = preSolution
		Debug|Any CPU = Debug|Any CPU
		Release|Any CPU = Release|Any CPU
	EndGlobalSection
	GlobalSection(ProjectConfigurationPlatforms) = postSolution
		{9D02E79C-EF5E-4D4A-9B30-699DC1955460}.Debug|Any CPU.ActiveCfg = Debug|Any CPU
		{9D02E79C-EF5E-4D4A-9B30-699DC1955460}.Debug|Any CPU.Build.0 = Debug|Any CPU
		{9D02E79C-EF5E-4D4A-9B30-699DC1955460}.Release|Any CPU.ActiveCfg = Release|Any CPU
		{9D02E79C-EF5E-4D4A-9B30-699DC1955460}.Release|Any CPU.Build.0 = Release|Any CPU
		{5784F3F3-E383-4DA8-AC93-4EBDEBA8C05B}.Debug|Any CPU.ActiveCfg = Debug|Any CPU
		{5784F3F3-E383-4DA8-AC93-4EBDEBA8C05B}.Debug|Any CPU.Build.0 = Debug|Any CPU
		{5784F3F3-E383-4DA8-AC93-4EBDEBA8C05B}.Release|Any CPU.ActiveCfg = Release|Any CPU
		{5784F3F3-E383-4DA8-AC93-4EBDEBA8C05B}.Release|Any CPU.Build.0 = Release|Any CPU
		{7CC52E86-8A33-462F-902A-5EC61F81C788}.Debug|Any CPU.ActiveCfg = Debug|Any CPU
		{7CC52E86-8A33-462F-902A-5EC61F81C788}.Debug|Any CPU.Build.0 = Debug|Any CPU
		{7CC52E86-8A33-462F-902A-5EC61F81C788}.Release|Any CPU.ActiveCfg = Release|Any CPU
		{7CC52E86-8A33-462F-902A-5EC61F81C788}.Release|Any CPU.Build.0 = Release|Any CPU
		{2B1822DC-9E62-4A4C-9D31-76E2029CE8FD}.Debug|Any CPU.ActiveCfg = Debug|Any CPU
		{2B1822DC-9E62-4A4C-9D31-76E2029CE8FD}.Debug|Any CPU.Build.0 = Debug|Any CPU
		{2B1822DC-9E62-4A4C-9D31-76E2029CE8FD}.Release|Any CPU.ActiveCfg = Release|Any CPU
		{2B1822DC-9E62-4A4C-9D31-76E2029CE8FD}.Release|Any CPU.Build.0 = Release|Any CPU
		{17B6AB1F-27E4-4352-9E8C-97348C020511}.Debug|Any CPU.ActiveCfg = Debug|Any CPU
		{17B6AB1F-27E4-4352-9E8C-97348C020511}.Debug|Any CPU.Build.0 = Debug|Any CPU
		{17B6AB1F-27E4-4352-9E8C-97348C020511}.Release|Any CPU.ActiveCfg = Release|Any CPU
		{17B6AB1F-27E4-4352-9E8C-97348C020511}.Release|Any CPU.Build.0 = Release|Any CPU
		{996CDDD4-5716-46B4-A30C-D90C01DE637E}.Debug|Any CPU.ActiveCfg = Debug|Any CPU
		{996CDDD4-5716-46B4-A30C-D90C01DE637E}.Debug|Any CPU.Build.0 = Debug|Any CPU
		{996CDDD4-5716-46B4-A30C-D90C01DE637E}.Release|Any CPU.ActiveCfg = Release|Any CPU
		{996CDDD4-5716-46B4-A30C-D90C01DE637E}.Release|Any CPU.Build.0 = Release|Any CPU
		{7B051E95-5173-4783-80C3-D6D849A67BE4}.Debug|Any CPU.ActiveCfg = Debug|Any CPU
		{7B051E95-5173-4783-80C3-D6D849A67BE4}.Debug|Any CPU.Build.0 = Debug|Any CPU
		{7B051E95-5173-4783-80C3-D6D849A67BE4}.Release|Any CPU.ActiveCfg = Release|Any CPU
		{7B051E95-5173-4783-80C3-D6D849A67BE4}.Release|Any CPU.Build.0 = Release|Any CPU
		{2D883C65-93F9-4EA4-8075-833359B30630}.Debug|Any CPU.ActiveCfg = Debug|Any CPU
		{2D883C65-93F9-4EA4-8075-833359B30630}.Debug|Any CPU.Build.0 = Debug|Any CPU
		{2D883C65-93F9-4EA4-8075-833359B30630}.Release|Any CPU.ActiveCfg = Release|Any CPU
		{2D883C65-93F9-4EA4-8075-833359B30630}.Release|Any CPU.Build.0 = Release|Any CPU
		{8B2A6ECC-1138-45A4-9B76-10921D7B8785}.Debug|Any CPU.ActiveCfg = Debug|Any CPU
		{8B2A6ECC-1138-45A4-9B76-10921D7B8785}.Debug|Any CPU.Build.0 = Debug|Any CPU
		{8B2A6ECC-1138-45A4-9B76-10921D7B8785}.Release|Any CPU.ActiveCfg = Release|Any CPU
		{8B2A6ECC-1138-45A4-9B76-10921D7B8785}.Release|Any CPU.Build.0 = Release|Any CPU
		{271367A5-F8DE-4122-8E68-0E98394E67BD}.Debug|Any CPU.ActiveCfg = Debug|Any CPU
		{271367A5-F8DE-4122-8E68-0E98394E67BD}.Debug|Any CPU.Build.0 = Debug|Any CPU
		{271367A5-F8DE-4122-8E68-0E98394E67BD}.Release|Any CPU.ActiveCfg = Release|Any CPU
		{271367A5-F8DE-4122-8E68-0E98394E67BD}.Release|Any CPU.Build.0 = Release|Any CPU
		{88A2193C-920A-4EC7-9CEB-BBD512DCFBF3}.Debug|Any CPU.ActiveCfg = Debug|Any CPU
		{88A2193C-920A-4EC7-9CEB-BBD512DCFBF3}.Debug|Any CPU.Build.0 = Debug|Any CPU
		{88A2193C-920A-4EC7-9CEB-BBD512DCFBF3}.Release|Any CPU.ActiveCfg = Release|Any CPU
		{88A2193C-920A-4EC7-9CEB-BBD512DCFBF3}.Release|Any CPU.Build.0 = Release|Any CPU
<<<<<<< HEAD
		{1758A16A-7182-4328-A4E8-03DD5F4405C7}.Debug|Any CPU.ActiveCfg = Debug|Any CPU
		{1758A16A-7182-4328-A4E8-03DD5F4405C7}.Debug|Any CPU.Build.0 = Debug|Any CPU
		{1758A16A-7182-4328-A4E8-03DD5F4405C7}.Release|Any CPU.ActiveCfg = Release|Any CPU
		{1758A16A-7182-4328-A4E8-03DD5F4405C7}.Release|Any CPU.Build.0 = Release|Any CPU
		{0626AA91-4AF0-4941-A33C-6FA6D5028C24}.Debug|Any CPU.ActiveCfg = Debug|Any CPU
		{0626AA91-4AF0-4941-A33C-6FA6D5028C24}.Debug|Any CPU.Build.0 = Debug|Any CPU
		{0626AA91-4AF0-4941-A33C-6FA6D5028C24}.Release|Any CPU.ActiveCfg = Release|Any CPU
		{0626AA91-4AF0-4941-A33C-6FA6D5028C24}.Release|Any CPU.Build.0 = Release|Any CPU
=======
		{06234D95-EB1E-4702-AC6B-1C135369035F}.Debug|Any CPU.ActiveCfg = Debug|Any CPU
		{06234D95-EB1E-4702-AC6B-1C135369035F}.Debug|Any CPU.Build.0 = Debug|Any CPU
		{06234D95-EB1E-4702-AC6B-1C135369035F}.Release|Any CPU.ActiveCfg = Release|Any CPU
		{06234D95-EB1E-4702-AC6B-1C135369035F}.Release|Any CPU.Build.0 = Release|Any CPU
		{7C1E0BCD-22B2-450C-BC44-513591528BA7}.Debug|Any CPU.ActiveCfg = Debug|Any CPU
		{7C1E0BCD-22B2-450C-BC44-513591528BA7}.Debug|Any CPU.Build.0 = Debug|Any CPU
		{7C1E0BCD-22B2-450C-BC44-513591528BA7}.Release|Any CPU.ActiveCfg = Release|Any CPU
		{7C1E0BCD-22B2-450C-BC44-513591528BA7}.Release|Any CPU.Build.0 = Release|Any CPU
		{F6CED3BF-CF94-4870-82E7-CC33CCE1EE00}.Debug|Any CPU.ActiveCfg = Debug|Any CPU
		{F6CED3BF-CF94-4870-82E7-CC33CCE1EE00}.Debug|Any CPU.Build.0 = Debug|Any CPU
		{F6CED3BF-CF94-4870-82E7-CC33CCE1EE00}.Release|Any CPU.ActiveCfg = Release|Any CPU
		{F6CED3BF-CF94-4870-82E7-CC33CCE1EE00}.Release|Any CPU.Build.0 = Release|Any CPU
>>>>>>> dev
	EndGlobalSection
	GlobalSection(SolutionProperties) = preSolution
		HideSolutionNode = FALSE
	EndGlobalSection
	GlobalSection(NestedProjects) = preSolution
		{5784F3F3-E383-4DA8-AC93-4EBDEBA8C05B} = {F170E122-B3AE-4DE0-A95C-C2157CF12CC8}
		{7CC52E86-8A33-462F-902A-5EC61F81C788} = {FD5961F4-562D-4BBA-A132-86D2F13F68A7}
		{2B1822DC-9E62-4A4C-9D31-76E2029CE8FD} = {FD5961F4-562D-4BBA-A132-86D2F13F68A7}
		{17B6AB1F-27E4-4352-9E8C-97348C020511} = {F170E122-B3AE-4DE0-A95C-C2157CF12CC8}
		{996CDDD4-5716-46B4-A30C-D90C01DE637E} = {D32F242F-E7E8-4B1E-B6D4-59365597597A}
		{7B051E95-5173-4783-80C3-D6D849A67BE4} = {D32F242F-E7E8-4B1E-B6D4-59365597597A}
		{2D883C65-93F9-4EA4-8075-833359B30630} = {F170E122-B3AE-4DE0-A95C-C2157CF12CC8}
		{8B2A6ECC-1138-45A4-9B76-10921D7B8785} = {FD5961F4-562D-4BBA-A132-86D2F13F68A7}
		{271367A5-F8DE-4122-8E68-0E98394E67BD} = {FD5961F4-562D-4BBA-A132-86D2F13F68A7}
		{88A2193C-920A-4EC7-9CEB-BBD512DCFBF3} = {F170E122-B3AE-4DE0-A95C-C2157CF12CC8}
<<<<<<< HEAD
		{1758A16A-7182-4328-A4E8-03DD5F4405C7} = {F170E122-B3AE-4DE0-A95C-C2157CF12CC8}
		{0626AA91-4AF0-4941-A33C-6FA6D5028C24} = {FD5961F4-562D-4BBA-A132-86D2F13F68A7}
=======
		{06234D95-EB1E-4702-AC6B-1C135369035F} = {F170E122-B3AE-4DE0-A95C-C2157CF12CC8}
		{7C1E0BCD-22B2-450C-BC44-513591528BA7} = {FD5961F4-562D-4BBA-A132-86D2F13F68A7}
		{F6CED3BF-CF94-4870-82E7-CC33CCE1EE00} = {D32F242F-E7E8-4B1E-B6D4-59365597597A}
>>>>>>> dev
	EndGlobalSection
	GlobalSection(ExtensibilityGlobals) = postSolution
		SolutionGuid = {99FB13CE-5AD2-4D3C-8DCA-B852FE086571}
	EndGlobalSection
EndGlobal
